# THIS IS AN AUTOGENERATED FILE. DO NOT EDIT THIS FILE DIRECTLY.
# yarn lockfile v1


cards-unicode@^1.2.0:
  version "1.2.0"
  resolved "https://registry.yarnpkg.com/cards-unicode/-/cards-unicode-1.2.0.tgz#24a2d1b654fef290ee86e7b089476ddd00f1eccc"
  integrity sha512-D3iaBD7fF16kpOenqaslo4Tqnjox13/vM155O6Eh4xMDD4qFHcEfcZ0P65dYsHX8jmKASpsda903dRTzGp41uw==
