# THIS IS AN AUTOGENERATED FILE. DO NOT EDIT THIS FILE DIRECTLY.
# yarn lockfile v1


cards-unicode@^1.2.1:
  version "1.2.1"
  resolved "https://registry.yarnpkg.com/cards-unicode/-/cards-unicode-1.2.1.tgz#6d23d1a6e6874f690162a4019cccfc5d5e6aa635"
  integrity sha512-s/vCBpQcAVlobL+nCZ4+R2UcSyq5+ph4e6ZgflWPyIXUtvV85myLEKXmEH8G48wTPQCmb+QUBJuu4AAdXEOmjQ==
